
Microsoft Visual Studio Solution File, Format Version 12.00
# Visual Studio Version 17
VisualStudioVersion = 17.0.31903.59
MinimumVisualStudioVersion = 10.0.40219.1
Project("{2150E333-8FDC-42A3-9474-1A3956D46DE8}") = "src", "src", "{827E0CD3-B72D-47B6-A68D-7590B98EB39B}"
EndProject
Project("{2150E333-8FDC-42A3-9474-1A3956D46DE8}") = "Enviroment", "Enviroment", "{36133F2A-A603-7D7F-E49A-697DE26A9D37}"
EndProject
Project("{FAE04EC0-301F-11D3-BF4B-00C04F79EFBC}") = "Regalia.Enviroment", "src\Enviroment\Regalia.Enviroment\Regalia.Enviroment.csproj", "{2E558702-BC72-45DB-9FB7-0E567AA0C45C}"
EndProject
Project("{FAE04EC0-301F-11D3-BF4B-00C04F79EFBC}") = "Regalia.Service", "src\Enviroment\Regalia.Service\Regalia.Service.csproj", "{2D2DDE71-2CA8-4750-96A6-9694D3AC95A9}"
EndProject
Project("{2150E333-8FDC-42A3-9474-1A3956D46DE8}") = "Infrastructure", "Infrastructure", "{9048EB7F-3875-A59E-E36B-5BD4C6F2A282}"
EndProject
Project("{FAE04EC0-301F-11D3-BF4B-00C04F79EFBC}") = "Regalia.Common", "src\Infrastructure\Regalia.Common\Regalia.Common.csproj", "{DE6B105D-0D31-4D80-829F-7607A2D62EB5}"
EndProject
Project("{2150E333-8FDC-42A3-9474-1A3956D46DE8}") = "Project", "Project", "{2CC54CEA-DC11-6D7C-FA7F-4CA5DF840E90}"
EndProject
Project("{FAE04EC0-301F-11D3-BF4B-00C04F79EFBC}") = "Regalia.Rendering", "src\Project\Regalia.Rendering\Regalia.Rendering.csproj", "{23EF9395-14B9-4C64-8716-975A4969524F}"
EndProject
Project("{2150E333-8FDC-42A3-9474-1A3956D46DE8}") = "Feature", "Feature", "{E8849C3E-CD32-CC20-91AE-FAEAD6509D10}"
EndProject
Project("{FAE04EC0-301F-11D3-BF4B-00C04F79EFBC}") = "Regalia.API", "src\Feature\Regalia.API\Regalia.API.csproj", "{464DD16D-9AAB-4ADE-A7C7-843F88E19378}"
EndProject
Project("{FAE04EC0-301F-11D3-BF4B-00C04F79EFBC}") = "Regalia.Bank", "src\Feature\Regalia.Bank\Regalia.Bank.csproj", "{EA487EBB-2499-447F-8BFE-C9752F8B9408}"
EndProject
Global
	GlobalSection(SolutionConfigurationPlatforms) = preSolution
		Debug|Any CPU = Debug|Any CPU
		Debug|x64 = Debug|x64
		Debug|x86 = Debug|x86
		Release|Any CPU = Release|Any CPU
		Release|x64 = Release|x64
		Release|x86 = Release|x86
	EndGlobalSection
	GlobalSection(ProjectConfigurationPlatforms) = postSolution
		{2E558702-BC72-45DB-9FB7-0E567AA0C45C}.Debug|Any CPU.ActiveCfg = Debug|Any CPU
		{2E558702-BC72-45DB-9FB7-0E567AA0C45C}.Debug|Any CPU.Build.0 = Debug|Any CPU
		{2E558702-BC72-45DB-9FB7-0E567AA0C45C}.Debug|x64.ActiveCfg = Debug|Any CPU
		{2E558702-BC72-45DB-9FB7-0E567AA0C45C}.Debug|x64.Build.0 = Debug|Any CPU
		{2E558702-BC72-45DB-9FB7-0E567AA0C45C}.Debug|x86.ActiveCfg = Debug|Any CPU
		{2E558702-BC72-45DB-9FB7-0E567AA0C45C}.Debug|x86.Build.0 = Debug|Any CPU
		{2E558702-BC72-45DB-9FB7-0E567AA0C45C}.Release|Any CPU.ActiveCfg = Release|Any CPU
		{2E558702-BC72-45DB-9FB7-0E567AA0C45C}.Release|Any CPU.Build.0 = Release|Any CPU
		{2E558702-BC72-45DB-9FB7-0E567AA0C45C}.Release|x64.ActiveCfg = Release|Any CPU
		{2E558702-BC72-45DB-9FB7-0E567AA0C45C}.Release|x64.Build.0 = Release|Any CPU
		{2E558702-BC72-45DB-9FB7-0E567AA0C45C}.Release|x86.ActiveCfg = Release|Any CPU
		{2E558702-BC72-45DB-9FB7-0E567AA0C45C}.Release|x86.Build.0 = Release|Any CPU
		{2D2DDE71-2CA8-4750-96A6-9694D3AC95A9}.Debug|Any CPU.ActiveCfg = Debug|Any CPU
		{2D2DDE71-2CA8-4750-96A6-9694D3AC95A9}.Debug|Any CPU.Build.0 = Debug|Any CPU
		{2D2DDE71-2CA8-4750-96A6-9694D3AC95A9}.Debug|x64.ActiveCfg = Debug|Any CPU
		{2D2DDE71-2CA8-4750-96A6-9694D3AC95A9}.Debug|x64.Build.0 = Debug|Any CPU
		{2D2DDE71-2CA8-4750-96A6-9694D3AC95A9}.Debug|x86.ActiveCfg = Debug|Any CPU
		{2D2DDE71-2CA8-4750-96A6-9694D3AC95A9}.Debug|x86.Build.0 = Debug|Any CPU
		{2D2DDE71-2CA8-4750-96A6-9694D3AC95A9}.Release|Any CPU.ActiveCfg = Release|Any CPU
		{2D2DDE71-2CA8-4750-96A6-9694D3AC95A9}.Release|Any CPU.Build.0 = Release|Any CPU
		{2D2DDE71-2CA8-4750-96A6-9694D3AC95A9}.Release|x64.ActiveCfg = Release|Any CPU
		{2D2DDE71-2CA8-4750-96A6-9694D3AC95A9}.Release|x64.Build.0 = Release|Any CPU
		{2D2DDE71-2CA8-4750-96A6-9694D3AC95A9}.Release|x86.ActiveCfg = Release|Any CPU
		{2D2DDE71-2CA8-4750-96A6-9694D3AC95A9}.Release|x86.Build.0 = Release|Any CPU
		{DE6B105D-0D31-4D80-829F-7607A2D62EB5}.Debug|Any CPU.ActiveCfg = Debug|Any CPU
		{DE6B105D-0D31-4D80-829F-7607A2D62EB5}.Debug|Any CPU.Build.0 = Debug|Any CPU
		{DE6B105D-0D31-4D80-829F-7607A2D62EB5}.Debug|x64.ActiveCfg = Debug|Any CPU
		{DE6B105D-0D31-4D80-829F-7607A2D62EB5}.Debug|x64.Build.0 = Debug|Any CPU
		{DE6B105D-0D31-4D80-829F-7607A2D62EB5}.Debug|x86.ActiveCfg = Debug|Any CPU
		{DE6B105D-0D31-4D80-829F-7607A2D62EB5}.Debug|x86.Build.0 = Debug|Any CPU
		{DE6B105D-0D31-4D80-829F-7607A2D62EB5}.Release|Any CPU.ActiveCfg = Release|Any CPU
		{DE6B105D-0D31-4D80-829F-7607A2D62EB5}.Release|Any CPU.Build.0 = Release|Any CPU
		{DE6B105D-0D31-4D80-829F-7607A2D62EB5}.Release|x64.ActiveCfg = Release|Any CPU
		{DE6B105D-0D31-4D80-829F-7607A2D62EB5}.Release|x64.Build.0 = Release|Any CPU
		{DE6B105D-0D31-4D80-829F-7607A2D62EB5}.Release|x86.ActiveCfg = Release|Any CPU
		{DE6B105D-0D31-4D80-829F-7607A2D62EB5}.Release|x86.Build.0 = Release|Any CPU
		{23EF9395-14B9-4C64-8716-975A4969524F}.Debug|Any CPU.ActiveCfg = Debug|Any CPU
		{23EF9395-14B9-4C64-8716-975A4969524F}.Debug|Any CPU.Build.0 = Debug|Any CPU
		{23EF9395-14B9-4C64-8716-975A4969524F}.Debug|x64.ActiveCfg = Debug|Any CPU
		{23EF9395-14B9-4C64-8716-975A4969524F}.Debug|x64.Build.0 = Debug|Any CPU
		{23EF9395-14B9-4C64-8716-975A4969524F}.Debug|x86.ActiveCfg = Debug|Any CPU
		{23EF9395-14B9-4C64-8716-975A4969524F}.Debug|x86.Build.0 = Debug|Any CPU
		{23EF9395-14B9-4C64-8716-975A4969524F}.Release|Any CPU.ActiveCfg = Release|Any CPU
		{23EF9395-14B9-4C64-8716-975A4969524F}.Release|Any CPU.Build.0 = Release|Any CPU
		{23EF9395-14B9-4C64-8716-975A4969524F}.Release|x64.ActiveCfg = Release|Any CPU
		{23EF9395-14B9-4C64-8716-975A4969524F}.Release|x64.Build.0 = Release|Any CPU
		{23EF9395-14B9-4C64-8716-975A4969524F}.Release|x86.ActiveCfg = Release|Any CPU
		{23EF9395-14B9-4C64-8716-975A4969524F}.Release|x86.Build.0 = Release|Any CPU
		{464DD16D-9AAB-4ADE-A7C7-843F88E19378}.Debug|Any CPU.ActiveCfg = Debug|Any CPU
		{464DD16D-9AAB-4ADE-A7C7-843F88E19378}.Debug|Any CPU.Build.0 = Debug|Any CPU
		{464DD16D-9AAB-4ADE-A7C7-843F88E19378}.Debug|x64.ActiveCfg = Debug|Any CPU
		{464DD16D-9AAB-4ADE-A7C7-843F88E19378}.Debug|x64.Build.0 = Debug|Any CPU
		{464DD16D-9AAB-4ADE-A7C7-843F88E19378}.Debug|x86.ActiveCfg = Debug|Any CPU
		{464DD16D-9AAB-4ADE-A7C7-843F88E19378}.Debug|x86.Build.0 = Debug|Any CPU
		{464DD16D-9AAB-4ADE-A7C7-843F88E19378}.Release|Any CPU.ActiveCfg = Release|Any CPU
		{464DD16D-9AAB-4ADE-A7C7-843F88E19378}.Release|Any CPU.Build.0 = Release|Any CPU
		{464DD16D-9AAB-4ADE-A7C7-843F88E19378}.Release|x64.ActiveCfg = Release|Any CPU
		{464DD16D-9AAB-4ADE-A7C7-843F88E19378}.Release|x64.Build.0 = Release|Any CPU
		{464DD16D-9AAB-4ADE-A7C7-843F88E19378}.Release|x86.ActiveCfg = Release|Any CPU
		{464DD16D-9AAB-4ADE-A7C7-843F88E19378}.Release|x86.Build.0 = Release|Any CPU
		{EA487EBB-2499-447F-8BFE-C9752F8B9408}.Debug|Any CPU.ActiveCfg = Debug|Any CPU
		{EA487EBB-2499-447F-8BFE-C9752F8B9408}.Debug|Any CPU.Build.0 = Debug|Any CPU
		{EA487EBB-2499-447F-8BFE-C9752F8B9408}.Debug|x64.ActiveCfg = Debug|Any CPU
		{EA487EBB-2499-447F-8BFE-C9752F8B9408}.Debug|x64.Build.0 = Debug|Any CPU
		{EA487EBB-2499-447F-8BFE-C9752F8B9408}.Debug|x86.ActiveCfg = Debug|Any CPU
		{EA487EBB-2499-447F-8BFE-C9752F8B9408}.Debug|x86.Build.0 = Debug|Any CPU
		{EA487EBB-2499-447F-8BFE-C9752F8B9408}.Release|Any CPU.ActiveCfg = Release|Any CPU
		{EA487EBB-2499-447F-8BFE-C9752F8B9408}.Release|Any CPU.Build.0 = Release|Any CPU
		{EA487EBB-2499-447F-8BFE-C9752F8B9408}.Release|x64.ActiveCfg = Release|Any CPU
		{EA487EBB-2499-447F-8BFE-C9752F8B9408}.Release|x64.Build.0 = Release|Any CPU
		{EA487EBB-2499-447F-8BFE-C9752F8B9408}.Release|x86.ActiveCfg = Release|Any CPU
		{EA487EBB-2499-447F-8BFE-C9752F8B9408}.Release|x86.Build.0 = Release|Any CPU
	EndGlobalSection
	GlobalSection(SolutionProperties) = preSolution
		HideSolutionNode = FALSE
	EndGlobalSection
	GlobalSection(NestedProjects) = preSolution
		{36133F2A-A603-7D7F-E49A-697DE26A9D37} = {827E0CD3-B72D-47B6-A68D-7590B98EB39B}
		{2E558702-BC72-45DB-9FB7-0E567AA0C45C} = {36133F2A-A603-7D7F-E49A-697DE26A9D37}
		{2D2DDE71-2CA8-4750-96A6-9694D3AC95A9} = {36133F2A-A603-7D7F-E49A-697DE26A9D37}
		{9048EB7F-3875-A59E-E36B-5BD4C6F2A282} = {827E0CD3-B72D-47B6-A68D-7590B98EB39B}
		{DE6B105D-0D31-4D80-829F-7607A2D62EB5} = {9048EB7F-3875-A59E-E36B-5BD4C6F2A282}
		{2CC54CEA-DC11-6D7C-FA7F-4CA5DF840E90} = {827E0CD3-B72D-47B6-A68D-7590B98EB39B}
		{23EF9395-14B9-4C64-8716-975A4969524F} = {2CC54CEA-DC11-6D7C-FA7F-4CA5DF840E90}
		{E8849C3E-CD32-CC20-91AE-FAEAD6509D10} = {827E0CD3-B72D-47B6-A68D-7590B98EB39B}
		{464DD16D-9AAB-4ADE-A7C7-843F88E19378} = {E8849C3E-CD32-CC20-91AE-FAEAD6509D10}
		{EA487EBB-2499-447F-8BFE-C9752F8B9408} = {E8849C3E-CD32-CC20-91AE-FAEAD6509D10}
	EndGlobalSection
EndGlobal
